
Microsoft Visual Studio Solution File, Format Version 12.00
# Visual Studio Version 16
VisualStudioVersion = 16.0.30204.135
MinimumVisualStudioVersion = 15.0.26124.0
Project("{9A19103F-16F7-4668-BE54-9A1E7A4F7556}") = "COMP123.Lab01", "Lab01\COMP123.Lab01.csproj", "{531DA1E9-4EE2-4DBC-9501-A0E88FDA15B7}"
EndProject
Project("{9A19103F-16F7-4668-BE54-9A1E7A4F7556}") = "COMP123.Assignment01", "Assignment01\COMP123.Assignment01.csproj", "{004C613C-7401-440D-B2A4-1BF91935F6A7}"
EndProject
Project("{9A19103F-16F7-4668-BE54-9A1E7A4F7556}") = "COMP123.Lab02", "Lab02\COMP123.Lab02.csproj", "{BCED96BE-4D64-4789-A898-6E2187F4EAF8}"
EndProject
Project("{9A19103F-16F7-4668-BE54-9A1E7A4F7556}") = "COMP123.Lab04", "Lab04\COMP123.Lab04.csproj", "{446466E0-38AB-4BDF-97C6-5293F646EEEF}"
EndProject
Project("{9A19103F-16F7-4668-BE54-9A1E7A4F7556}") = "COMP123.Lab05", "Lab05\COMP123.Lab05.csproj", "{6340370B-95A2-4C57-B8A4-5E723254FDE7}"
EndProject
Project("{9A19103F-16F7-4668-BE54-9A1E7A4F7556}") = "COMP123.Lab06", "Lab06\COMP123.Lab06.csproj", "{BB36AAAA-049A-416C-BD44-6E8C6A3D2F10}"
EndProject
Project("{9A19103F-16F7-4668-BE54-9A1E7A4F7556}") = "COMP123.Assignment02", "Assignment02\COMP123.Assignment02.csproj", "{2EA6BC1B-EFAD-4F30-9F8B-9FBF1B998CCB}"
EndProject
Project("{9A19103F-16F7-4668-BE54-9A1E7A4F7556}") = "COMP123.Lab07", "Lab07\COMP123.Lab07.csproj", "{81B893AB-8020-43F7-8D9B-4141676A24AB}"
EndProject
Project("{9A19103F-16F7-4668-BE54-9A1E7A4F7556}") = "COMP123.Lab08", "Lab08\COMP123.Lab08.csproj", "{66FE1AE0-C969-4ABB-B4CA-F2A4433DE230}"
EndProject
Project("{9A19103F-16F7-4668-BE54-9A1E7A4F7556}") = "COMP123.Lab17", "Lab17\COMP123.Lab17.csproj", "{9AA76EC5-D28E-4BD0-A482-4BB3DB1256B8}"
EndProject
Project("{9A19103F-16F7-4668-BE54-9A1E7A4F7556}") = "COMP123.Lab13", "Lab13\COMP123.Lab13.csproj", "{7CA16246-DEFE-4407-B360-F9FEAA646490}"
EndProject
Project("{FAE04EC0-301F-11D3-BF4B-00C04F79EFBC}") = "COMP123.Lab14", "Lab14\COMP123.Lab14.csproj", "{EECE34ED-72E2-4E7A-B21D-8C775BD18D5C}"
EndProject
Project("{2150E333-8FDC-42A3-9474-1A3956D46DE8}") = "Lab15", "Lab15", "{68FB9A3B-AB5F-46CA-B3FE-A89B9C78433B}"
EndProject
Project("{FAE04EC0-301F-11D3-BF4B-00C04F79EFBC}") = "COMP123.Lab15.Library", "Lab15\Library\COMP123.Lab15.Library.csproj", "{CE52A138-4545-4408-B21E-3CEA3847CAA8}"
EndProject
Project("{FAE04EC0-301F-11D3-BF4B-00C04F79EFBC}") = "COMP123.Lab15.Test", "Lab15\Test\COMP123.Lab15.Test.csproj", "{6F5174EB-046E-40E6-B422-A9117AEFF703}"
EndProject
Project("{FAE04EC0-301F-11D3-BF4B-00C04F79EFBC}") = "COMP123.Lab15FastFood", "Lab15FastFood\COMP123.Lab15FastFood.csproj", "{C6053CF3-8B24-4F8A-9821-7C45CB98A02C}"
EndProject
Project("{FAE04EC0-301F-11D3-BF4B-00C04F79EFBC}") = "COMP123.Lab18", "Lab18\COMP123.Lab18.csproj", "{2A6F29BF-4D9E-4E31-830B-CD4318A2AF19}"
EndProject
Global
	GlobalSection(SolutionConfigurationPlatforms) = preSolution
		Debug|Any CPU = Debug|Any CPU
		Debug|x64 = Debug|x64
		Debug|x86 = Debug|x86
		Release|Any CPU = Release|Any CPU
		Release|x64 = Release|x64
		Release|x86 = Release|x86
	EndGlobalSection
	GlobalSection(ProjectConfigurationPlatforms) = postSolution
		{531DA1E9-4EE2-4DBC-9501-A0E88FDA15B7}.Debug|Any CPU.ActiveCfg = Debug|Any CPU
		{531DA1E9-4EE2-4DBC-9501-A0E88FDA15B7}.Debug|Any CPU.Build.0 = Debug|Any CPU
		{531DA1E9-4EE2-4DBC-9501-A0E88FDA15B7}.Debug|x64.ActiveCfg = Debug|Any CPU
		{531DA1E9-4EE2-4DBC-9501-A0E88FDA15B7}.Debug|x64.Build.0 = Debug|Any CPU
		{531DA1E9-4EE2-4DBC-9501-A0E88FDA15B7}.Debug|x86.ActiveCfg = Debug|Any CPU
		{531DA1E9-4EE2-4DBC-9501-A0E88FDA15B7}.Debug|x86.Build.0 = Debug|Any CPU
		{531DA1E9-4EE2-4DBC-9501-A0E88FDA15B7}.Release|Any CPU.ActiveCfg = Release|Any CPU
		{531DA1E9-4EE2-4DBC-9501-A0E88FDA15B7}.Release|Any CPU.Build.0 = Release|Any CPU
		{531DA1E9-4EE2-4DBC-9501-A0E88FDA15B7}.Release|x64.ActiveCfg = Release|Any CPU
		{531DA1E9-4EE2-4DBC-9501-A0E88FDA15B7}.Release|x64.Build.0 = Release|Any CPU
		{531DA1E9-4EE2-4DBC-9501-A0E88FDA15B7}.Release|x86.ActiveCfg = Release|Any CPU
		{531DA1E9-4EE2-4DBC-9501-A0E88FDA15B7}.Release|x86.Build.0 = Release|Any CPU
		{004C613C-7401-440D-B2A4-1BF91935F6A7}.Debug|Any CPU.ActiveCfg = Debug|Any CPU
		{004C613C-7401-440D-B2A4-1BF91935F6A7}.Debug|Any CPU.Build.0 = Debug|Any CPU
		{004C613C-7401-440D-B2A4-1BF91935F6A7}.Debug|x64.ActiveCfg = Debug|Any CPU
		{004C613C-7401-440D-B2A4-1BF91935F6A7}.Debug|x64.Build.0 = Debug|Any CPU
		{004C613C-7401-440D-B2A4-1BF91935F6A7}.Debug|x86.ActiveCfg = Debug|Any CPU
		{004C613C-7401-440D-B2A4-1BF91935F6A7}.Debug|x86.Build.0 = Debug|Any CPU
		{004C613C-7401-440D-B2A4-1BF91935F6A7}.Release|Any CPU.ActiveCfg = Release|Any CPU
		{004C613C-7401-440D-B2A4-1BF91935F6A7}.Release|Any CPU.Build.0 = Release|Any CPU
		{004C613C-7401-440D-B2A4-1BF91935F6A7}.Release|x64.ActiveCfg = Release|Any CPU
		{004C613C-7401-440D-B2A4-1BF91935F6A7}.Release|x64.Build.0 = Release|Any CPU
		{004C613C-7401-440D-B2A4-1BF91935F6A7}.Release|x86.ActiveCfg = Release|Any CPU
		{004C613C-7401-440D-B2A4-1BF91935F6A7}.Release|x86.Build.0 = Release|Any CPU
		{BCED96BE-4D64-4789-A898-6E2187F4EAF8}.Debug|Any CPU.ActiveCfg = Debug|Any CPU
		{BCED96BE-4D64-4789-A898-6E2187F4EAF8}.Debug|Any CPU.Build.0 = Debug|Any CPU
		{BCED96BE-4D64-4789-A898-6E2187F4EAF8}.Debug|x64.ActiveCfg = Debug|Any CPU
		{BCED96BE-4D64-4789-A898-6E2187F4EAF8}.Debug|x64.Build.0 = Debug|Any CPU
		{BCED96BE-4D64-4789-A898-6E2187F4EAF8}.Debug|x86.ActiveCfg = Debug|Any CPU
		{BCED96BE-4D64-4789-A898-6E2187F4EAF8}.Debug|x86.Build.0 = Debug|Any CPU
		{BCED96BE-4D64-4789-A898-6E2187F4EAF8}.Release|Any CPU.ActiveCfg = Release|Any CPU
		{BCED96BE-4D64-4789-A898-6E2187F4EAF8}.Release|Any CPU.Build.0 = Release|Any CPU
		{BCED96BE-4D64-4789-A898-6E2187F4EAF8}.Release|x64.ActiveCfg = Release|Any CPU
		{BCED96BE-4D64-4789-A898-6E2187F4EAF8}.Release|x64.Build.0 = Release|Any CPU
		{BCED96BE-4D64-4789-A898-6E2187F4EAF8}.Release|x86.ActiveCfg = Release|Any CPU
		{BCED96BE-4D64-4789-A898-6E2187F4EAF8}.Release|x86.Build.0 = Release|Any CPU
		{446466E0-38AB-4BDF-97C6-5293F646EEEF}.Debug|Any CPU.ActiveCfg = Debug|Any CPU
		{446466E0-38AB-4BDF-97C6-5293F646EEEF}.Debug|Any CPU.Build.0 = Debug|Any CPU
		{446466E0-38AB-4BDF-97C6-5293F646EEEF}.Debug|x64.ActiveCfg = Debug|Any CPU
		{446466E0-38AB-4BDF-97C6-5293F646EEEF}.Debug|x64.Build.0 = Debug|Any CPU
		{446466E0-38AB-4BDF-97C6-5293F646EEEF}.Debug|x86.ActiveCfg = Debug|Any CPU
		{446466E0-38AB-4BDF-97C6-5293F646EEEF}.Debug|x86.Build.0 = Debug|Any CPU
		{446466E0-38AB-4BDF-97C6-5293F646EEEF}.Release|Any CPU.ActiveCfg = Release|Any CPU
		{446466E0-38AB-4BDF-97C6-5293F646EEEF}.Release|Any CPU.Build.0 = Release|Any CPU
		{446466E0-38AB-4BDF-97C6-5293F646EEEF}.Release|x64.ActiveCfg = Release|Any CPU
		{446466E0-38AB-4BDF-97C6-5293F646EEEF}.Release|x64.Build.0 = Release|Any CPU
		{446466E0-38AB-4BDF-97C6-5293F646EEEF}.Release|x86.ActiveCfg = Release|Any CPU
		{446466E0-38AB-4BDF-97C6-5293F646EEEF}.Release|x86.Build.0 = Release|Any CPU
		{6340370B-95A2-4C57-B8A4-5E723254FDE7}.Debug|Any CPU.ActiveCfg = Debug|Any CPU
		{6340370B-95A2-4C57-B8A4-5E723254FDE7}.Debug|Any CPU.Build.0 = Debug|Any CPU
		{6340370B-95A2-4C57-B8A4-5E723254FDE7}.Debug|x64.ActiveCfg = Debug|Any CPU
		{6340370B-95A2-4C57-B8A4-5E723254FDE7}.Debug|x64.Build.0 = Debug|Any CPU
		{6340370B-95A2-4C57-B8A4-5E723254FDE7}.Debug|x86.ActiveCfg = Debug|Any CPU
		{6340370B-95A2-4C57-B8A4-5E723254FDE7}.Debug|x86.Build.0 = Debug|Any CPU
		{6340370B-95A2-4C57-B8A4-5E723254FDE7}.Release|Any CPU.ActiveCfg = Release|Any CPU
		{6340370B-95A2-4C57-B8A4-5E723254FDE7}.Release|Any CPU.Build.0 = Release|Any CPU
		{6340370B-95A2-4C57-B8A4-5E723254FDE7}.Release|x64.ActiveCfg = Release|Any CPU
		{6340370B-95A2-4C57-B8A4-5E723254FDE7}.Release|x64.Build.0 = Release|Any CPU
		{6340370B-95A2-4C57-B8A4-5E723254FDE7}.Release|x86.ActiveCfg = Release|Any CPU
		{6340370B-95A2-4C57-B8A4-5E723254FDE7}.Release|x86.Build.0 = Release|Any CPU
		{BB36AAAA-049A-416C-BD44-6E8C6A3D2F10}.Debug|Any CPU.ActiveCfg = Debug|Any CPU
		{BB36AAAA-049A-416C-BD44-6E8C6A3D2F10}.Debug|Any CPU.Build.0 = Debug|Any CPU
		{BB36AAAA-049A-416C-BD44-6E8C6A3D2F10}.Debug|x64.ActiveCfg = Debug|Any CPU
		{BB36AAAA-049A-416C-BD44-6E8C6A3D2F10}.Debug|x64.Build.0 = Debug|Any CPU
		{BB36AAAA-049A-416C-BD44-6E8C6A3D2F10}.Debug|x86.ActiveCfg = Debug|Any CPU
		{BB36AAAA-049A-416C-BD44-6E8C6A3D2F10}.Debug|x86.Build.0 = Debug|Any CPU
		{BB36AAAA-049A-416C-BD44-6E8C6A3D2F10}.Release|Any CPU.ActiveCfg = Release|Any CPU
		{BB36AAAA-049A-416C-BD44-6E8C6A3D2F10}.Release|Any CPU.Build.0 = Release|Any CPU
		{BB36AAAA-049A-416C-BD44-6E8C6A3D2F10}.Release|x64.ActiveCfg = Release|Any CPU
		{BB36AAAA-049A-416C-BD44-6E8C6A3D2F10}.Release|x64.Build.0 = Release|Any CPU
		{BB36AAAA-049A-416C-BD44-6E8C6A3D2F10}.Release|x86.ActiveCfg = Release|Any CPU
		{BB36AAAA-049A-416C-BD44-6E8C6A3D2F10}.Release|x86.Build.0 = Release|Any CPU
		{2EA6BC1B-EFAD-4F30-9F8B-9FBF1B998CCB}.Debug|Any CPU.ActiveCfg = Debug|Any CPU
		{2EA6BC1B-EFAD-4F30-9F8B-9FBF1B998CCB}.Debug|Any CPU.Build.0 = Debug|Any CPU
		{2EA6BC1B-EFAD-4F30-9F8B-9FBF1B998CCB}.Debug|x64.ActiveCfg = Debug|Any CPU
		{2EA6BC1B-EFAD-4F30-9F8B-9FBF1B998CCB}.Debug|x64.Build.0 = Debug|Any CPU
		{2EA6BC1B-EFAD-4F30-9F8B-9FBF1B998CCB}.Debug|x86.ActiveCfg = Debug|Any CPU
		{2EA6BC1B-EFAD-4F30-9F8B-9FBF1B998CCB}.Debug|x86.Build.0 = Debug|Any CPU
		{2EA6BC1B-EFAD-4F30-9F8B-9FBF1B998CCB}.Release|Any CPU.ActiveCfg = Release|Any CPU
		{2EA6BC1B-EFAD-4F30-9F8B-9FBF1B998CCB}.Release|Any CPU.Build.0 = Release|Any CPU
		{2EA6BC1B-EFAD-4F30-9F8B-9FBF1B998CCB}.Release|x64.ActiveCfg = Release|Any CPU
		{2EA6BC1B-EFAD-4F30-9F8B-9FBF1B998CCB}.Release|x64.Build.0 = Release|Any CPU
		{2EA6BC1B-EFAD-4F30-9F8B-9FBF1B998CCB}.Release|x86.ActiveCfg = Release|Any CPU
		{2EA6BC1B-EFAD-4F30-9F8B-9FBF1B998CCB}.Release|x86.Build.0 = Release|Any CPU
		{81B893AB-8020-43F7-8D9B-4141676A24AB}.Debug|Any CPU.ActiveCfg = Debug|Any CPU
		{81B893AB-8020-43F7-8D9B-4141676A24AB}.Debug|Any CPU.Build.0 = Debug|Any CPU
		{81B893AB-8020-43F7-8D9B-4141676A24AB}.Debug|x64.ActiveCfg = Debug|Any CPU
		{81B893AB-8020-43F7-8D9B-4141676A24AB}.Debug|x64.Build.0 = Debug|Any CPU
		{81B893AB-8020-43F7-8D9B-4141676A24AB}.Debug|x86.ActiveCfg = Debug|Any CPU
		{81B893AB-8020-43F7-8D9B-4141676A24AB}.Debug|x86.Build.0 = Debug|Any CPU
		{81B893AB-8020-43F7-8D9B-4141676A24AB}.Release|Any CPU.ActiveCfg = Release|Any CPU
		{81B893AB-8020-43F7-8D9B-4141676A24AB}.Release|Any CPU.Build.0 = Release|Any CPU
		{81B893AB-8020-43F7-8D9B-4141676A24AB}.Release|x64.ActiveCfg = Release|Any CPU
		{81B893AB-8020-43F7-8D9B-4141676A24AB}.Release|x64.Build.0 = Release|Any CPU
		{81B893AB-8020-43F7-8D9B-4141676A24AB}.Release|x86.ActiveCfg = Release|Any CPU
		{81B893AB-8020-43F7-8D9B-4141676A24AB}.Release|x86.Build.0 = Release|Any CPU
		{66FE1AE0-C969-4ABB-B4CA-F2A4433DE230}.Debug|Any CPU.ActiveCfg = Debug|Any CPU
		{66FE1AE0-C969-4ABB-B4CA-F2A4433DE230}.Debug|Any CPU.Build.0 = Debug|Any CPU
		{66FE1AE0-C969-4ABB-B4CA-F2A4433DE230}.Debug|x64.ActiveCfg = Debug|Any CPU
		{66FE1AE0-C969-4ABB-B4CA-F2A4433DE230}.Debug|x64.Build.0 = Debug|Any CPU
		{66FE1AE0-C969-4ABB-B4CA-F2A4433DE230}.Debug|x86.ActiveCfg = Debug|Any CPU
		{66FE1AE0-C969-4ABB-B4CA-F2A4433DE230}.Debug|x86.Build.0 = Debug|Any CPU
		{66FE1AE0-C969-4ABB-B4CA-F2A4433DE230}.Release|Any CPU.ActiveCfg = Release|Any CPU
		{66FE1AE0-C969-4ABB-B4CA-F2A4433DE230}.Release|Any CPU.Build.0 = Release|Any CPU
		{66FE1AE0-C969-4ABB-B4CA-F2A4433DE230}.Release|x64.ActiveCfg = Release|Any CPU
		{66FE1AE0-C969-4ABB-B4CA-F2A4433DE230}.Release|x64.Build.0 = Release|Any CPU
		{66FE1AE0-C969-4ABB-B4CA-F2A4433DE230}.Release|x86.ActiveCfg = Release|Any CPU
		{66FE1AE0-C969-4ABB-B4CA-F2A4433DE230}.Release|x86.Build.0 = Release|Any CPU
		{9AA76EC5-D28E-4BD0-A482-4BB3DB1256B8}.Debug|Any CPU.ActiveCfg = Debug|Any CPU
		{9AA76EC5-D28E-4BD0-A482-4BB3DB1256B8}.Debug|Any CPU.Build.0 = Debug|Any CPU
		{9AA76EC5-D28E-4BD0-A482-4BB3DB1256B8}.Debug|x64.ActiveCfg = Debug|Any CPU
		{9AA76EC5-D28E-4BD0-A482-4BB3DB1256B8}.Debug|x64.Build.0 = Debug|Any CPU
		{9AA76EC5-D28E-4BD0-A482-4BB3DB1256B8}.Debug|x86.ActiveCfg = Debug|Any CPU
		{9AA76EC5-D28E-4BD0-A482-4BB3DB1256B8}.Debug|x86.Build.0 = Debug|Any CPU
		{9AA76EC5-D28E-4BD0-A482-4BB3DB1256B8}.Release|Any CPU.ActiveCfg = Release|Any CPU
		{9AA76EC5-D28E-4BD0-A482-4BB3DB1256B8}.Release|Any CPU.Build.0 = Release|Any CPU
		{9AA76EC5-D28E-4BD0-A482-4BB3DB1256B8}.Release|x64.ActiveCfg = Release|Any CPU
		{9AA76EC5-D28E-4BD0-A482-4BB3DB1256B8}.Release|x64.Build.0 = Release|Any CPU
		{9AA76EC5-D28E-4BD0-A482-4BB3DB1256B8}.Release|x86.ActiveCfg = Release|Any CPU
		{9AA76EC5-D28E-4BD0-A482-4BB3DB1256B8}.Release|x86.Build.0 = Release|Any CPU
		{7CA16246-DEFE-4407-B360-F9FEAA646490}.Debug|Any CPU.ActiveCfg = Debug|Any CPU
		{7CA16246-DEFE-4407-B360-F9FEAA646490}.Debug|Any CPU.Build.0 = Debug|Any CPU
		{7CA16246-DEFE-4407-B360-F9FEAA646490}.Debug|x64.ActiveCfg = Debug|Any CPU
		{7CA16246-DEFE-4407-B360-F9FEAA646490}.Debug|x64.Build.0 = Debug|Any CPU
		{7CA16246-DEFE-4407-B360-F9FEAA646490}.Debug|x86.ActiveCfg = Debug|Any CPU
		{7CA16246-DEFE-4407-B360-F9FEAA646490}.Debug|x86.Build.0 = Debug|Any CPU
		{7CA16246-DEFE-4407-B360-F9FEAA646490}.Release|Any CPU.ActiveCfg = Release|Any CPU
		{7CA16246-DEFE-4407-B360-F9FEAA646490}.Release|Any CPU.Build.0 = Release|Any CPU
		{7CA16246-DEFE-4407-B360-F9FEAA646490}.Release|x64.ActiveCfg = Release|Any CPU
		{7CA16246-DEFE-4407-B360-F9FEAA646490}.Release|x64.Build.0 = Release|Any CPU
		{7CA16246-DEFE-4407-B360-F9FEAA646490}.Release|x86.ActiveCfg = Release|Any CPU
		{7CA16246-DEFE-4407-B360-F9FEAA646490}.Release|x86.Build.0 = Release|Any CPU
		{EECE34ED-72E2-4E7A-B21D-8C775BD18D5C}.Debug|Any CPU.ActiveCfg = Debug|Any CPU
		{EECE34ED-72E2-4E7A-B21D-8C775BD18D5C}.Debug|Any CPU.Build.0 = Debug|Any CPU
		{EECE34ED-72E2-4E7A-B21D-8C775BD18D5C}.Debug|x64.ActiveCfg = Debug|Any CPU
		{EECE34ED-72E2-4E7A-B21D-8C775BD18D5C}.Debug|x64.Build.0 = Debug|Any CPU
		{EECE34ED-72E2-4E7A-B21D-8C775BD18D5C}.Debug|x86.ActiveCfg = Debug|Any CPU
		{EECE34ED-72E2-4E7A-B21D-8C775BD18D5C}.Debug|x86.Build.0 = Debug|Any CPU
		{EECE34ED-72E2-4E7A-B21D-8C775BD18D5C}.Release|Any CPU.ActiveCfg = Release|Any CPU
		{EECE34ED-72E2-4E7A-B21D-8C775BD18D5C}.Release|Any CPU.Build.0 = Release|Any CPU
		{EECE34ED-72E2-4E7A-B21D-8C775BD18D5C}.Release|x64.ActiveCfg = Release|Any CPU
		{EECE34ED-72E2-4E7A-B21D-8C775BD18D5C}.Release|x64.Build.0 = Release|Any CPU
		{EECE34ED-72E2-4E7A-B21D-8C775BD18D5C}.Release|x86.ActiveCfg = Release|Any CPU
		{EECE34ED-72E2-4E7A-B21D-8C775BD18D5C}.Release|x86.Build.0 = Release|Any CPU
		{CE52A138-4545-4408-B21E-3CEA3847CAA8}.Debug|Any CPU.ActiveCfg = Debug|Any CPU
		{CE52A138-4545-4408-B21E-3CEA3847CAA8}.Debug|Any CPU.Build.0 = Debug|Any CPU
		{CE52A138-4545-4408-B21E-3CEA3847CAA8}.Debug|x64.ActiveCfg = Debug|Any CPU
		{CE52A138-4545-4408-B21E-3CEA3847CAA8}.Debug|x64.Build.0 = Debug|Any CPU
		{CE52A138-4545-4408-B21E-3CEA3847CAA8}.Debug|x86.ActiveCfg = Debug|Any CPU
		{CE52A138-4545-4408-B21E-3CEA3847CAA8}.Debug|x86.Build.0 = Debug|Any CPU
		{CE52A138-4545-4408-B21E-3CEA3847CAA8}.Release|Any CPU.ActiveCfg = Release|Any CPU
		{CE52A138-4545-4408-B21E-3CEA3847CAA8}.Release|Any CPU.Build.0 = Release|Any CPU
		{CE52A138-4545-4408-B21E-3CEA3847CAA8}.Release|x64.ActiveCfg = Release|Any CPU
		{CE52A138-4545-4408-B21E-3CEA3847CAA8}.Release|x64.Build.0 = Release|Any CPU
		{CE52A138-4545-4408-B21E-3CEA3847CAA8}.Release|x86.ActiveCfg = Release|Any CPU
		{CE52A138-4545-4408-B21E-3CEA3847CAA8}.Release|x86.Build.0 = Release|Any CPU
		{6F5174EB-046E-40E6-B422-A9117AEFF703}.Debug|Any CPU.ActiveCfg = Debug|Any CPU
		{6F5174EB-046E-40E6-B422-A9117AEFF703}.Debug|Any CPU.Build.0 = Debug|Any CPU
		{6F5174EB-046E-40E6-B422-A9117AEFF703}.Debug|x64.ActiveCfg = Debug|Any CPU
		{6F5174EB-046E-40E6-B422-A9117AEFF703}.Debug|x64.Build.0 = Debug|Any CPU
		{6F5174EB-046E-40E6-B422-A9117AEFF703}.Debug|x86.ActiveCfg = Debug|Any CPU
		{6F5174EB-046E-40E6-B422-A9117AEFF703}.Debug|x86.Build.0 = Debug|Any CPU
		{6F5174EB-046E-40E6-B422-A9117AEFF703}.Release|Any CPU.ActiveCfg = Release|Any CPU
		{6F5174EB-046E-40E6-B422-A9117AEFF703}.Release|Any CPU.Build.0 = Release|Any CPU
		{6F5174EB-046E-40E6-B422-A9117AEFF703}.Release|x64.ActiveCfg = Release|Any CPU
		{6F5174EB-046E-40E6-B422-A9117AEFF703}.Release|x64.Build.0 = Release|Any CPU
		{6F5174EB-046E-40E6-B422-A9117AEFF703}.Release|x86.ActiveCfg = Release|Any CPU
		{6F5174EB-046E-40E6-B422-A9117AEFF703}.Release|x86.Build.0 = Release|Any CPU
		{C6053CF3-8B24-4F8A-9821-7C45CB98A02C}.Debug|Any CPU.ActiveCfg = Debug|Any CPU
		{C6053CF3-8B24-4F8A-9821-7C45CB98A02C}.Debug|Any CPU.Build.0 = Debug|Any CPU
		{C6053CF3-8B24-4F8A-9821-7C45CB98A02C}.Debug|x64.ActiveCfg = Debug|Any CPU
		{C6053CF3-8B24-4F8A-9821-7C45CB98A02C}.Debug|x64.Build.0 = Debug|Any CPU
		{C6053CF3-8B24-4F8A-9821-7C45CB98A02C}.Debug|x86.ActiveCfg = Debug|Any CPU
		{C6053CF3-8B24-4F8A-9821-7C45CB98A02C}.Debug|x86.Build.0 = Debug|Any CPU
		{C6053CF3-8B24-4F8A-9821-7C45CB98A02C}.Release|Any CPU.ActiveCfg = Release|Any CPU
		{C6053CF3-8B24-4F8A-9821-7C45CB98A02C}.Release|Any CPU.Build.0 = Release|Any CPU
		{C6053CF3-8B24-4F8A-9821-7C45CB98A02C}.Release|x64.ActiveCfg = Release|Any CPU
		{C6053CF3-8B24-4F8A-9821-7C45CB98A02C}.Release|x64.Build.0 = Release|Any CPU
		{C6053CF3-8B24-4F8A-9821-7C45CB98A02C}.Release|x86.ActiveCfg = Release|Any CPU
		{C6053CF3-8B24-4F8A-9821-7C45CB98A02C}.Release|x86.Build.0 = Release|Any CPU
		{2A6F29BF-4D9E-4E31-830B-CD4318A2AF19}.Debug|Any CPU.ActiveCfg = Debug|Any CPU
		{2A6F29BF-4D9E-4E31-830B-CD4318A2AF19}.Debug|Any CPU.Build.0 = Debug|Any CPU
		{2A6F29BF-4D9E-4E31-830B-CD4318A2AF19}.Debug|x64.ActiveCfg = Debug|Any CPU
		{2A6F29BF-4D9E-4E31-830B-CD4318A2AF19}.Debug|x64.Build.0 = Debug|Any CPU
		{2A6F29BF-4D9E-4E31-830B-CD4318A2AF19}.Debug|x86.ActiveCfg = Debug|Any CPU
		{2A6F29BF-4D9E-4E31-830B-CD4318A2AF19}.Debug|x86.Build.0 = Debug|Any CPU
		{2A6F29BF-4D9E-4E31-830B-CD4318A2AF19}.Release|Any CPU.ActiveCfg = Release|Any CPU
		{2A6F29BF-4D9E-4E31-830B-CD4318A2AF19}.Release|Any CPU.Build.0 = Release|Any CPU
		{2A6F29BF-4D9E-4E31-830B-CD4318A2AF19}.Release|x64.ActiveCfg = Release|Any CPU
		{2A6F29BF-4D9E-4E31-830B-CD4318A2AF19}.Release|x64.Build.0 = Release|Any CPU
		{2A6F29BF-4D9E-4E31-830B-CD4318A2AF19}.Release|x86.ActiveCfg = Release|Any CPU
		{2A6F29BF-4D9E-4E31-830B-CD4318A2AF19}.Release|x86.Build.0 = Release|Any CPU
	EndGlobalSection
	GlobalSection(SolutionProperties) = preSolution
		HideSolutionNode = FALSE
	EndGlobalSection
	GlobalSection(ExtensibilityGlobals) = postSolution
		SolutionGuid = {D65BF6E4-F68C-484A-ACEE-1FBF550752FE}
	EndGlobalSection
	GlobalSection(NestedProjects) = preSolution
		{CE52A138-4545-4408-B21E-3CEA3847CAA8} = {68FB9A3B-AB5F-46CA-B3FE-A89B9C78433B}
		{6F5174EB-046E-40E6-B422-A9117AEFF703} = {68FB9A3B-AB5F-46CA-B3FE-A89B9C78433B}
	EndGlobalSection
EndGlobal
